
Microsoft Visual Studio Solution File, Format Version 12.00
# Visual Studio Version 17
VisualStudioVersion = 17.1.32210.238
MinimumVisualStudioVersion = 10.0.40219.1
Project("{FAE04EC0-301F-11D3-BF4B-00C04F79EFBC}") = "SılaCansever_Proje", "SılaCansever_Proje\SılaCansever_Proje.csproj", "{1DC0C910-52D5-432E-8BCC-4D2B74961885}"
EndProject
Global
	GlobalSection(SolutionConfigurationPlatforms) = preSolution
		Debug|Any CPU = Debug|Any CPU
		Release|Any CPU = Release|Any CPU
	EndGlobalSection
	GlobalSection(ProjectConfigurationPlatforms) = postSolution
		{1DC0C910-52D5-432E-8BCC-4D2B74961885}.Debug|Any CPU.ActiveCfg = Debug|Any CPU
		{1DC0C910-52D5-432E-8BCC-4D2B74961885}.Debug|Any CPU.Build.0 = Debug|Any CPU
		{1DC0C910-52D5-432E-8BCC-4D2B74961885}.Release|Any CPU.ActiveCfg = Release|Any CPU
		{1DC0C910-52D5-432E-8BCC-4D2B74961885}.Release|Any CPU.Build.0 = Release|Any CPU
	EndGlobalSection
	GlobalSection(SolutionProperties) = preSolution
		HideSolutionNode = FALSE
	EndGlobalSection
	GlobalSection(ExtensibilityGlobals) = postSolution
		SolutionGuid = {FCBD6686-B438-4F5B-890D-7772EA089231}
	EndGlobalSection
EndGlobal
